
Microsoft Visual Studio Solution File, Format Version 12.00
# Visual Studio Version 17
VisualStudioVersion = 17.2.32516.85
MinimumVisualStudioVersion = 10.0.40219.1
Project("{9A19103F-16F7-4668-BE54-9A1E7A4F7556}") = "LivaSoftExam", "LivaSoftExam.csproj", "{77950941-B21D-4C41-A9CA-BF1569BBE5ED}"
EndProject
Global
	GlobalSection(SolutionConfigurationPlatforms) = preSolution
		Debug|Any CPU = Debug|Any CPU
		Release|Any CPU = Release|Any CPU
	EndGlobalSection
	GlobalSection(ProjectConfigurationPlatforms) = postSolution
		{77950941-B21D-4C41-A9CA-BF1569BBE5ED}.Debug|Any CPU.ActiveCfg = Debug|Any CPU
		{77950941-B21D-4C41-A9CA-BF1569BBE5ED}.Debug|Any CPU.Build.0 = Debug|Any CPU
		{77950941-B21D-4C41-A9CA-BF1569BBE5ED}.Release|Any CPU.ActiveCfg = Release|Any CPU
		{77950941-B21D-4C41-A9CA-BF1569BBE5ED}.Release|Any CPU.Build.0 = Release|Any CPU
	EndGlobalSection
	GlobalSection(SolutionProperties) = preSolution
		HideSolutionNode = FALSE
	EndGlobalSection
	GlobalSection(ExtensibilityGlobals) = postSolution
		SolutionGuid = {0B238E08-83BB-4872-B4AA-14611FA85EA3}
	EndGlobalSection
EndGlobal
